{
  "requires": true,
  "lockfileVersion": 1,
  "dependencies": {
    "types-registry": {
      "version": "0.1.652",
      "resolved": "https://registry.npmjs.org/types-registry/-/types-registry-0.1.652.tgz",
      "integrity": "sha512-KNUJ+SjKEVAdknMXADOK2V/EmvzcCkmA5NBE0C8K2fjcHvYzrFdi7at3uICrCWHhE8Bi+BRB64UXeII8btS10A=="
    }
  }
}
